
Microsoft Visual Studio Solution File, Format Version 12.00
# Visual Studio Version 16
VisualStudioVersion = 16.0.31025.194
MinimumVisualStudioVersion = 10.0.40219.1
Project("{FAE04EC0-301F-11D3-BF4B-00C04F79EFBC}") = "gubar", "gubar\gubar.csproj", "{9B6E63B1-BC55-45A8-80C8-FA93A4446EAF}"
EndProject
Project("{FAE04EC0-301F-11D3-BF4B-00C04F79EFBC}") = "UnitTestProject1", "UnitTestProject1\UnitTestProject1.csproj", "{9398B0F9-8C4F-4481-B272-75D983190588}"
	ProjectSection(ProjectDependencies) = postProject
		{9B6E63B1-BC55-45A8-80C8-FA93A4446EAF} = {9B6E63B1-BC55-45A8-80C8-FA93A4446EAF}
	EndProjectSection
EndProject
Global
	GlobalSection(SolutionConfigurationPlatforms) = preSolution
		Debug|Any CPU = Debug|Any CPU
		Release|Any CPU = Release|Any CPU
	EndGlobalSection
	GlobalSection(ProjectConfigurationPlatforms) = postSolution
		{9B6E63B1-BC55-45A8-80C8-FA93A4446EAF}.Debug|Any CPU.ActiveCfg = Debug|Any CPU
		{9B6E63B1-BC55-45A8-80C8-FA93A4446EAF}.Debug|Any CPU.Build.0 = Debug|Any CPU
		{9B6E63B1-BC55-45A8-80C8-FA93A4446EAF}.Release|Any CPU.ActiveCfg = Release|Any CPU
		{9B6E63B1-BC55-45A8-80C8-FA93A4446EAF}.Release|Any CPU.Build.0 = Release|Any CPU
		{9398B0F9-8C4F-4481-B272-75D983190588}.Debug|Any CPU.ActiveCfg = Debug|Any CPU
		{9398B0F9-8C4F-4481-B272-75D983190588}.Debug|Any CPU.Build.0 = Debug|Any CPU
		{9398B0F9-8C4F-4481-B272-75D983190588}.Release|Any CPU.ActiveCfg = Release|Any CPU
		{9398B0F9-8C4F-4481-B272-75D983190588}.Release|Any CPU.Build.0 = Release|Any CPU
	EndGlobalSection
	GlobalSection(SolutionProperties) = preSolution
		HideSolutionNode = FALSE
	EndGlobalSection
	GlobalSection(ExtensibilityGlobals) = postSolution
		SolutionGuid = {6A888108-E6A7-46BA-8D1D-ADBB508AC8FD}
	EndGlobalSection
EndGlobal
